
Microsoft Visual Studio Solution File, Format Version 12.00
# Visual Studio Version 17
VisualStudioVersion = 17.8.34316.72
MinimumVisualStudioVersion = 10.0.40219.1
Project("{9A19103F-16F7-4668-BE54-9A1E7A4F7556}") = "DatabaseManager.Web", "DatabaseManager.Web\DatabaseManager.Web.csproj", "{37E5C6F3-4155-4686-A744-D042DA855964}"
EndProject
Project("{9A19103F-16F7-4668-BE54-9A1E7A4F7556}") = "DatabaseManager.Models", "DatabaseManager.Models\DatabaseManager.Models.csproj", "{A1D688DD-3E56-4DC5-9E0B-ADCD179DBF86}"
EndProject
Project("{9A19103F-16F7-4668-BE54-9A1E7A4F7556}") = "DatabaseManager.DataAccess", "DatabaseManager.DataAccess\DatabaseManager.DataAccess.csproj", "{4EB10133-4D11-4A6D-AE65-0B6EAF7EA891}"
EndProject
Project("{9A19103F-16F7-4668-BE54-9A1E7A4F7556}") = "DatabaseManager.Utilities", "DatabaseManager.Utilities\DatabaseManager.Utilities.csproj", "{689CA4B2-108F-4CD9-95FF-AF23FE9BF224}"
EndProject
Global
	GlobalSection(SolutionConfigurationPlatforms) = preSolution
		Debug|Any CPU = Debug|Any CPU
		Release|Any CPU = Release|Any CPU
	EndGlobalSection
	GlobalSection(ProjectConfigurationPlatforms) = postSolution
		{37E5C6F3-4155-4686-A744-D042DA855964}.Debug|Any CPU.ActiveCfg = Debug|Any CPU
		{37E5C6F3-4155-4686-A744-D042DA855964}.Debug|Any CPU.Build.0 = Debug|Any CPU
		{37E5C6F3-4155-4686-A744-D042DA855964}.Release|Any CPU.ActiveCfg = Release|Any CPU
		{37E5C6F3-4155-4686-A744-D042DA855964}.Release|Any CPU.Build.0 = Release|Any CPU
		{A1D688DD-3E56-4DC5-9E0B-ADCD179DBF86}.Debug|Any CPU.ActiveCfg = Debug|Any CPU
		{A1D688DD-3E56-4DC5-9E0B-ADCD179DBF86}.Debug|Any CPU.Build.0 = Debug|Any CPU
		{A1D688DD-3E56-4DC5-9E0B-ADCD179DBF86}.Release|Any CPU.ActiveCfg = Release|Any CPU
		{A1D688DD-3E56-4DC5-9E0B-ADCD179DBF86}.Release|Any CPU.Build.0 = Release|Any CPU
		{4EB10133-4D11-4A6D-AE65-0B6EAF7EA891}.Debug|Any CPU.ActiveCfg = Debug|Any CPU
		{4EB10133-4D11-4A6D-AE65-0B6EAF7EA891}.Debug|Any CPU.Build.0 = Debug|Any CPU
		{4EB10133-4D11-4A6D-AE65-0B6EAF7EA891}.Release|Any CPU.ActiveCfg = Release|Any CPU
		{4EB10133-4D11-4A6D-AE65-0B6EAF7EA891}.Release|Any CPU.Build.0 = Release|Any CPU
		{689CA4B2-108F-4CD9-95FF-AF23FE9BF224}.Debug|Any CPU.ActiveCfg = Debug|Any CPU
		{689CA4B2-108F-4CD9-95FF-AF23FE9BF224}.Debug|Any CPU.Build.0 = Debug|Any CPU
		{689CA4B2-108F-4CD9-95FF-AF23FE9BF224}.Release|Any CPU.ActiveCfg = Release|Any CPU
		{689CA4B2-108F-4CD9-95FF-AF23FE9BF224}.Release|Any CPU.Build.0 = Release|Any CPU
	EndGlobalSection
	GlobalSection(SolutionProperties) = preSolution
		HideSolutionNode = FALSE
	EndGlobalSection
	GlobalSection(ExtensibilityGlobals) = postSolution
		SolutionGuid = {5AB098F8-EB05-4CD9-B521-46250D0D1048}
	EndGlobalSection
EndGlobal
